
Microsoft Visual Studio Solution File, Format Version 12.00
# Visual Studio Version 17
VisualStudioVersion = 17.5.002.0
MinimumVisualStudioVersion = 10.0.40219.1
Project("{9A19103F-16F7-4668-BE54-9A1E7A4F7556}") = "ForecastFavorApp", "ForecastFavorApp\ForecastFavorApp.csproj", "{5B10954D-77A0-490B-9071-26788B0D3187}"
EndProject
Project("{9A19103F-16F7-4668-BE54-9A1E7A4F7556}") = "ForecastFavorLib", "ForecastFavorLib\ForecastFavorLib.csproj", "{0B0E7D83-1CBE-4738-B566-99C4A50B6504}"
EndProject
Project("{FAE04EC0-301F-11D3-BF4B-00C04F79EFBC}") = "ForecastFavorApp-UnitTest", "ForecastFavorApp-UnitTest\ForecastFavorApp-UnitTest.csproj", "{84FA255B-B40C-4B6D-BDFC-3A1167178FBC}"
EndProject
Project("{FAE04EC0-301F-11D3-BF4B-00C04F79EFBC}") = "ForecastFavorApp-IntegrationTest", "ForecastFavorApp-IntegrationTest\ForecastFavorApp-IntegrationTest.csproj", "{366ECF78-176E-44E6-AAB9-A7688904390A}"
EndProject
Global
	GlobalSection(SolutionConfigurationPlatforms) = preSolution
		Debug|Any CPU = Debug|Any CPU
		Release|Any CPU = Release|Any CPU
	EndGlobalSection
	GlobalSection(ProjectConfigurationPlatforms) = postSolution
		{5B10954D-77A0-490B-9071-26788B0D3187}.Debug|Any CPU.ActiveCfg = Debug|Any CPU
		{5B10954D-77A0-490B-9071-26788B0D3187}.Debug|Any CPU.Build.0 = Debug|Any CPU
		{5B10954D-77A0-490B-9071-26788B0D3187}.Release|Any CPU.ActiveCfg = Release|Any CPU
		{5B10954D-77A0-490B-9071-26788B0D3187}.Release|Any CPU.Build.0 = Release|Any CPU
		{0B0E7D83-1CBE-4738-B566-99C4A50B6504}.Debug|Any CPU.ActiveCfg = Debug|Any CPU
		{0B0E7D83-1CBE-4738-B566-99C4A50B6504}.Debug|Any CPU.Build.0 = Debug|Any CPU
		{0B0E7D83-1CBE-4738-B566-99C4A50B6504}.Release|Any CPU.ActiveCfg = Release|Any CPU
		{0B0E7D83-1CBE-4738-B566-99C4A50B6504}.Release|Any CPU.Build.0 = Release|Any CPU
		{84FA255B-B40C-4B6D-BDFC-3A1167178FBC}.Debug|Any CPU.ActiveCfg = Debug|Any CPU
		{84FA255B-B40C-4B6D-BDFC-3A1167178FBC}.Debug|Any CPU.Build.0 = Debug|Any CPU
		{84FA255B-B40C-4B6D-BDFC-3A1167178FBC}.Release|Any CPU.ActiveCfg = Release|Any CPU
		{84FA255B-B40C-4B6D-BDFC-3A1167178FBC}.Release|Any CPU.Build.0 = Release|Any CPU
		{366ECF78-176E-44E6-AAB9-A7688904390A}.Debug|Any CPU.ActiveCfg = Debug|Any CPU
		{366ECF78-176E-44E6-AAB9-A7688904390A}.Debug|Any CPU.Build.0 = Debug|Any CPU
		{366ECF78-176E-44E6-AAB9-A7688904390A}.Release|Any CPU.ActiveCfg = Release|Any CPU
		{366ECF78-176E-44E6-AAB9-A7688904390A}.Release|Any CPU.Build.0 = Release|Any CPU
	EndGlobalSection
	GlobalSection(SolutionProperties) = preSolution
		HideSolutionNode = FALSE
	EndGlobalSection
	GlobalSection(ExtensibilityGlobals) = postSolution
		SolutionGuid = {CCEA2DE3-097C-4E96-AA25-27F6227AA654}
	EndGlobalSection
EndGlobal
